
Microsoft Visual Studio Solution File, Format Version 12.00
# Visual Studio Version 17
VisualStudioVersion = 17.0.31912.275
MinimumVisualStudioVersion = 10.0.40219.1
Project("{FAE04EC0-301F-11D3-BF4B-00C04F79EFBC}") = "TimerRotina", "TimerRotina\TimerRotina.csproj", "{091B47DF-DBAE-4A0A-BB8F-5FF08C070772}"
EndProject
Global
	GlobalSection(SolutionConfigurationPlatforms) = preSolution
		Debug|Any CPU = Debug|Any CPU
		Release|Any CPU = Release|Any CPU
	EndGlobalSection
	GlobalSection(ProjectConfigurationPlatforms) = postSolution
		{091B47DF-DBAE-4A0A-BB8F-5FF08C070772}.Debug|Any CPU.ActiveCfg = Debug|Any CPU
		{091B47DF-DBAE-4A0A-BB8F-5FF08C070772}.Debug|Any CPU.Build.0 = Debug|Any CPU
		{091B47DF-DBAE-4A0A-BB8F-5FF08C070772}.Release|Any CPU.ActiveCfg = Release|Any CPU
		{091B47DF-DBAE-4A0A-BB8F-5FF08C070772}.Release|Any CPU.Build.0 = Release|Any CPU
	EndGlobalSection
	GlobalSection(SolutionProperties) = preSolution
		HideSolutionNode = FALSE
	EndGlobalSection
	GlobalSection(ExtensibilityGlobals) = postSolution
		SolutionGuid = {AAA6CCAC-B1D5-464A-9242-8635D4DC6C48}
	EndGlobalSection
EndGlobal
